// !$*UTF8*$!
{
	archiveVersion = 1;
	classes = {
	};
	objectVersion = 55;
	objects = {

/* Begin PBXBuildFile section */
		040581F528EC4093001BAC8C /* Users.swift in Sources */ = {isa = PBXBuildFile; fileRef = 040581F428EC4093001BAC8C /* Users.swift */; };
		040581F728EC41A2001BAC8C /* TitleText.swift in Sources */ = {isa = PBXBuildFile; fileRef = 040581F628EC41A2001BAC8C /* TitleText.swift */; };
		040581FB28EC517D001BAC8C /* UserInfoCard.swift in Sources */ = {isa = PBXBuildFile; fileRef = 040581FA28EC517D001BAC8C /* UserInfoCard.swift */; };
		040581FD28EC61CB001BAC8C /* Validator.swift in Sources */ = {isa = PBXBuildFile; fileRef = 040581FC28EC61CB001BAC8C /* Validator.swift */; };
		0405820028EC63D7001BAC8C /* AuthViewModel.swift in Sources */ = {isa = PBXBuildFile; fileRef = 040581FF28EC63D7001BAC8C /* AuthViewModel.swift */; };
		0405820328EC82AE001BAC8C /* UserInfo.swift in Sources */ = {isa = PBXBuildFile; fileRef = 0405820228EC82AD001BAC8C /* UserInfo.swift */; };
		0405820528EC84EF001BAC8C /* Result.swift in Sources */ = {isa = PBXBuildFile; fileRef = 0405820428EC84EF001BAC8C /* Result.swift */; };
		0405820728EC854B001BAC8C /* Location.swift in Sources */ = {isa = PBXBuildFile; fileRef = 0405820628EC854B001BAC8C /* Location.swift */; };
		0405820928EC85B6001BAC8C /* Street.swift in Sources */ = {isa = PBXBuildFile; fileRef = 0405820828EC85B6001BAC8C /* Street.swift */; };
		0405820B28EC8631001BAC8C /* Name.swift in Sources */ = {isa = PBXBuildFile; fileRef = 0405820A28EC8631001BAC8C /* Name.swift */; };
		0405820D28EC8659001BAC8C /* Picture.swift in Sources */ = {isa = PBXBuildFile; fileRef = 0405820C28EC8659001BAC8C /* Picture.swift */; };
		0405821028EC88AC001BAC8C /* RequestManager.swift in Sources */ = {isa = PBXBuildFile; fileRef = 0405820F28EC88AC001BAC8C /* RequestManager.swift */; };
		0405821228EC8A48001BAC8C /* UserViewModel.swift in Sources */ = {isa = PBXBuildFile; fileRef = 0405821128EC8A48001BAC8C /* UserViewModel.swift */; };
		0405821428EC8C04001BAC8C /* Endpoints.swift in Sources */ = {isa = PBXBuildFile; fileRef = 0405821328EC8C04001BAC8C /* Endpoints.swift */; };
		04EF77CC28EB0B1000117B8C /* MantasTestApp.swift in Sources */ = {isa = PBXBuildFile; fileRef = 04EF77CB28EB0B1000117B8C /* MantasTestApp.swift */; };
		04EF77D028EB0B1600117B8C /* Assets.xcassets in Resources */ = {isa = PBXBuildFile; fileRef = 04EF77CF28EB0B1600117B8C /* Assets.xcassets */; };
		04EF77D328EB0B1600117B8C /* Preview Assets.xcassets in Resources */ = {isa = PBXBuildFile; fileRef = 04EF77D228EB0B1600117B8C /* Preview Assets.xcassets */; };
		04EF77DC28EB1A3700117B8C /* Poppins.ttf in Resources */ = {isa = PBXBuildFile; fileRef = 04EF77DB28EB1A3600117B8C /* Poppins.ttf */; };
		04EF77E028EB1BFD00117B8C /* GeneralTextField.swift in Sources */ = {isa = PBXBuildFile; fileRef = 04EF77DF28EB1BFD00117B8C /* GeneralTextField.swift */; };
		04EF77E428EB22ED00117B8C /* MainView.swift in Sources */ = {isa = PBXBuildFile; fileRef = 04EF77E328EB22ED00117B8C /* MainView.swift */; };
		04EF77E728EB23AD00117B8C /* FocusedField.swift in Sources */ = {isa = PBXBuildFile; fileRef = 04EF77E628EB23AD00117B8C /* FocusedField.swift */; };
		04EF77E928EB2A5800117B8C /* Login.swift in Sources */ = {isa = PBXBuildFile; fileRef = 04EF77E828EB2A5800117B8C /* Login.swift */; };
		04EF77EC28EB3ED200117B8C /* TextFeildErrorText.swift in Sources */ = {isa = PBXBuildFile; fileRef = 04EF77EB28EB3ED100117B8C /* TextFeildErrorText.swift */; };
		04EF77EE28EB3F2100117B8C /* ClearButton.swift in Sources */ = {isa = PBXBuildFile; fileRef = 04EF77ED28EB3F2100117B8C /* ClearButton.swift */; };
		04EF77F028EB3F5100117B8C /* HideShowPassword.swift in Sources */ = {isa = PBXBuildFile; fileRef = 04EF77EF28EB3F5100117B8C /* HideShowPassword.swift */; };
		04EF77F228EB3F9200117B8C /* TextFieldBG.swift in Sources */ = {isa = PBXBuildFile; fileRef = 04EF77F128EB3F9200117B8C /* TextFieldBG.swift */; };
		04EF77F428EB427D00117B8C /* GeneralButtonBG.swift in Sources */ = {isa = PBXBuildFile; fileRef = 04EF77F328EB427C00117B8C /* GeneralButtonBG.swift */; };
		04EF77F628EB470A00117B8C /* Poppins-Bold.ttf in Resources */ = {isa = PBXBuildFile; fileRef = 04EF77F528EB470900117B8C /* Poppins-Bold.ttf */; };
		04EF77F828EB483F00117B8C /* Poppins-SemiBold.ttf in Resources */ = {isa = PBXBuildFile; fileRef = 04EF77F728EB483F00117B8C /* Poppins-SemiBold.ttf */; };
		04EF77FA28EB4A4600117B8C /* VSpacer.swift in Sources */ = {isa = PBXBuildFile; fileRef = 04EF77F928EB4A4600117B8C /* VSpacer.swift */; };
/* End PBXBuildFile section */

/* Begin PBXFileReference section */
		040581F428EC4093001BAC8C /* Users.swift */ = {isa = PBXFileReference; lastKnownFileType = sourcecode.swift; path = Users.swift; sourceTree = "<group>"; };
		040581F628EC41A2001BAC8C /* TitleText.swift */ = {isa = PBXFileReference; lastKnownFileType = sourcecode.swift; path = TitleText.swift; sourceTree = "<group>"; };
		040581FA28EC517D001BAC8C /* UserInfoCard.swift */ = {isa = PBXFileReference; lastKnownFileType = sourcecode.swift; path = UserInfoCard.swift; sourceTree = "<group>"; };
		040581FC28EC61CB001BAC8C /* Validator.swift */ = {isa = PBXFileReference; lastKnownFileType = sourcecode.swift; path = Validator.swift; sourceTree = "<group>"; };
		040581FF28EC63D7001BAC8C /* AuthViewModel.swift */ = {isa = PBXFileReference; lastKnownFileType = sourcecode.swift; path = AuthViewModel.swift; sourceTree = "<group>"; };
		0405820228EC82AD001BAC8C /* UserInfo.swift */ = {isa = PBXFileReference; lastKnownFileType = sourcecode.swift; path = UserInfo.swift; sourceTree = "<group>"; };
		0405820428EC84EF001BAC8C /* Result.swift */ = {isa = PBXFileReference; lastKnownFileType = sourcecode.swift; path = Result.swift; sourceTree = "<group>"; };
		0405820628EC854B001BAC8C /* Location.swift */ = {isa = PBXFileReference; lastKnownFileType = sourcecode.swift; path = Location.swift; sourceTree = "<group>"; };
		0405820828EC85B6001BAC8C /* Street.swift */ = {isa = PBXFileReference; lastKnownFileType = sourcecode.swift; path = Street.swift; sourceTree = "<group>"; };
		0405820A28EC8631001BAC8C /* Name.swift */ = {isa = PBXFileReference; lastKnownFileType = sourcecode.swift; path = Name.swift; sourceTree = "<group>"; };
		0405820C28EC8659001BAC8C /* Picture.swift */ = {isa = PBXFileReference; lastKnownFileType = sourcecode.swift; path = Picture.swift; sourceTree = "<group>"; };
		0405820F28EC88AC001BAC8C /* RequestManager.swift */ = {isa = PBXFileReference; lastKnownFileType = sourcecode.swift; path = RequestManager.swift; sourceTree = "<group>"; };
		0405821128EC8A48001BAC8C /* UserViewModel.swift */ = {isa = PBXFileReference; lastKnownFileType = sourcecode.swift; path = UserViewModel.swift; sourceTree = "<group>"; };
		0405821328EC8C04001BAC8C /* Endpoints.swift */ = {isa = PBXFileReference; lastKnownFileType = sourcecode.swift; path = Endpoints.swift; sourceTree = "<group>"; };
		04EF77C828EB0B1000117B8C /* MantasTest.app */ = {isa = PBXFileReference; explicitFileType = wrapper.application; includeInIndex = 0; path = MantasTest.app; sourceTree = BUILT_PRODUCTS_DIR; };
		04EF77CB28EB0B1000117B8C /* MantasTestApp.swift */ = {isa = PBXFileReference; lastKnownFileType = sourcecode.swift; path = MantasTestApp.swift; sourceTree = "<group>"; };
		04EF77CF28EB0B1600117B8C /* Assets.xcassets */ = {isa = PBXFileReference; lastKnownFileType = folder.assetcatalog; path = Assets.xcassets; sourceTree = "<group>"; };
		04EF77D228EB0B1600117B8C /* Preview Assets.xcassets */ = {isa = PBXFileReference; lastKnownFileType = folder.assetcatalog; path = "Preview Assets.xcassets"; sourceTree = "<group>"; };
		04EF77D928EB188500117B8C /* Info.plist */ = {isa = PBXFileReference; lastKnownFileType = text.plist; path = Info.plist; sourceTree = "<group>"; };
		04EF77DB28EB1A3600117B8C /* Poppins.ttf */ = {isa = PBXFileReference; lastKnownFileType = file; path = Poppins.ttf; sourceTree = "<group>"; };
		04EF77DF28EB1BFD00117B8C /* GeneralTextField.swift */ = {isa = PBXFileReference; lastKnownFileType = sourcecode.swift; path = GeneralTextField.swift; sourceTree = "<group>"; };
		04EF77E328EB22ED00117B8C /* MainView.swift */ = {isa = PBXFileReference; lastKnownFileType = sourcecode.swift; path = MainView.swift; sourceTree = "<group>"; };
		04EF77E628EB23AD00117B8C /* FocusedField.swift */ = {isa = PBXFileReference; lastKnownFileType = sourcecode.swift; path = FocusedField.swift; sourceTree = "<group>"; };
		04EF77E828EB2A5800117B8C /* Login.swift */ = {isa = PBXFileReference; lastKnownFileType = sourcecode.swift; path = Login.swift; sourceTree = "<group>"; };
		04EF77EB28EB3ED100117B8C /* TextFeildErrorText.swift */ = {isa = PBXFileReference; lastKnownFileType = sourcecode.swift; path = TextFeildErrorText.swift; sourceTree = "<group>"; };
		04EF77ED28EB3F2100117B8C /* ClearButton.swift */ = {isa = PBXFileReference; lastKnownFileType = sourcecode.swift; path = ClearButton.swift; sourceTree = "<group>"; };
		04EF77EF28EB3F5100117B8C /* HideShowPassword.swift */ = {isa = PBXFileReference; lastKnownFileType = sourcecode.swift; path = HideShowPassword.swift; sourceTree = "<group>"; };
		04EF77F128EB3F9200117B8C /* TextFieldBG.swift */ = {isa = PBXFileReference; lastKnownFileType = sourcecode.swift; path = TextFieldBG.swift; sourceTree = "<group>"; };
		04EF77F328EB427C00117B8C /* GeneralButtonBG.swift */ = {isa = PBXFileReference; lastKnownFileType = sourcecode.swift; path = GeneralButtonBG.swift; sourceTree = "<group>"; };
		04EF77F528EB470900117B8C /* Poppins-Bold.ttf */ = {isa = PBXFileReference; lastKnownFileType = file; path = "Poppins-Bold.ttf"; sourceTree = "<group>"; };
		04EF77F728EB483F00117B8C /* Poppins-SemiBold.ttf */ = {isa = PBXFileReference; lastKnownFileType = file; path = "Poppins-SemiBold.ttf"; sourceTree = "<group>"; };
		04EF77F928EB4A4600117B8C /* VSpacer.swift */ = {isa = PBXFileReference; lastKnownFileType = sourcecode.swift; path = VSpacer.swift; sourceTree = "<group>"; };
/* End PBXFileReference section */

/* Begin PBXFrameworksBuildPhase section */
		04EF77C528EB0B0F00117B8C /* Frameworks */ = {
			isa = PBXFrameworksBuildPhase;
			buildActionMask = 2147483647;
			files = (
			);
			runOnlyForDeploymentPostprocessing = 0;
		};
/* End PBXFrameworksBuildPhase section */

/* Begin PBXGroup section */
		040581FE28EC63BB001BAC8C /* ViewModels */ = {
			isa = PBXGroup;
			children = (
				040581FF28EC63D7001BAC8C /* AuthViewModel.swift */,
				0405821128EC8A48001BAC8C /* UserViewModel.swift */,
			);
			path = ViewModels;
			sourceTree = "<group>";
		};
		0405820128EC828B001BAC8C /* Models */ = {
			isa = PBXGroup;
			children = (
				0405820228EC82AD001BAC8C /* UserInfo.swift */,
				0405820428EC84EF001BAC8C /* Result.swift */,
				0405820628EC854B001BAC8C /* Location.swift */,
				0405820828EC85B6001BAC8C /* Street.swift */,
				0405820A28EC8631001BAC8C /* Name.swift */,
				0405820C28EC8659001BAC8C /* Picture.swift */,
			);
			path = Models;
			sourceTree = "<group>";
		};
		0405820E28EC8858001BAC8C /* Network */ = {
			isa = PBXGroup;
			children = (
				0405820F28EC88AC001BAC8C /* RequestManager.swift */,
				0405821328EC8C04001BAC8C /* Endpoints.swift */,
			);
			path = Network;
			sourceTree = "<group>";
		};
		04EF77BF28EB0B0F00117B8C = {
			isa = PBXGroup;
			children = (
				04EF77CA28EB0B1000117B8C /* MantasTest */,
				04EF77C928EB0B1000117B8C /* Products */,
			);
			sourceTree = "<group>";
		};
		04EF77C928EB0B1000117B8C /* Products */ = {
			isa = PBXGroup;
			children = (
				04EF77C828EB0B1000117B8C /* MantasTest.app */,
			);
			name = Products;
			sourceTree = "<group>";
		};
		04EF77CA28EB0B1000117B8C /* MantasTest */ = {
			isa = PBXGroup;
			children = (
				0405820E28EC8858001BAC8C /* Network */,
				0405820128EC828B001BAC8C /* Models */,
				040581FE28EC63BB001BAC8C /* ViewModels */,
				04EF77E528EB238200117B8C /* Helpers */,
				04EF77DD28EB1B8300117B8C /* Views */,
				04EF77DA28EB19DA00117B8C /* Fonts */,
				04EF77D928EB188500117B8C /* Info.plist */,
				04EF77CB28EB0B1000117B8C /* MantasTestApp.swift */,
				04EF77CF28EB0B1600117B8C /* Assets.xcassets */,
				04EF77D128EB0B1600117B8C /* Preview Content */,
			);
			path = MantasTest;
			sourceTree = "<group>";
		};
		04EF77D128EB0B1600117B8C /* Preview Content */ = {
			isa = PBXGroup;
			children = (
				04EF77D228EB0B1600117B8C /* Preview Assets.xcassets */,
			);
			path = "Preview Content";
			sourceTree = "<group>";
		};
		04EF77DA28EB19DA00117B8C /* Fonts */ = {
			isa = PBXGroup;
			children = (
				04EF77F728EB483F00117B8C /* Poppins-SemiBold.ttf */,
				04EF77F528EB470900117B8C /* Poppins-Bold.ttf */,
				04EF77DB28EB1A3600117B8C /* Poppins.ttf */,
			);
			path = Fonts;
			sourceTree = "<group>";
		};
		04EF77DD28EB1B8300117B8C /* Views */ = {
			isa = PBXGroup;
			children = (
				04EF77DE28EB1BA000117B8C /* SubViews */,
				04EF77E828EB2A5800117B8C /* Login.swift */,
				040581F428EC4093001BAC8C /* Users.swift */,
				04EF77E328EB22ED00117B8C /* MainView.swift */,
			);
			path = Views;
			sourceTree = "<group>";
		};
		04EF77DE28EB1BA000117B8C /* SubViews */ = {
			isa = PBXGroup;
			children = (
				04EF77EA28EB3EAB00117B8C /* TextField */,
				04EF77DF28EB1BFD00117B8C /* GeneralTextField.swift */,
				04EF77F328EB427C00117B8C /* GeneralButtonBG.swift */,
				04EF77F928EB4A4600117B8C /* VSpacer.swift */,
				040581F628EC41A2001BAC8C /* TitleText.swift */,
				040581FA28EC517D001BAC8C /* UserInfoCard.swift */,
			);
			path = SubViews;
			sourceTree = "<group>";
		};
		04EF77E528EB238200117B8C /* Helpers */ = {
			isa = PBXGroup;
			children = (
				04EF77E628EB23AD00117B8C /* FocusedField.swift */,
				040581FC28EC61CB001BAC8C /* Validator.swift */,
			);
			path = Helpers;
			sourceTree = "<group>";
		};
		04EF77EA28EB3EAB00117B8C /* TextField */ = {
			isa = PBXGroup;
			children = (
				04EF77EB28EB3ED100117B8C /* TextFeildErrorText.swift */,
				04EF77ED28EB3F2100117B8C /* ClearButton.swift */,
				04EF77EF28EB3F5100117B8C /* HideShowPassword.swift */,
				04EF77F128EB3F9200117B8C /* TextFieldBG.swift */,
			);
			path = TextField;
			sourceTree = "<group>";
		};
/* End PBXGroup section */

/* Begin PBXNativeTarget section */
		04EF77C728EB0B0F00117B8C /* MantasTest */ = {
			isa = PBXNativeTarget;
			buildConfigurationList = 04EF77D628EB0B1600117B8C /* Build configuration list for PBXNativeTarget "MantasTest" */;
			buildPhases = (
				04EF77C428EB0B0F00117B8C /* Sources */,
				04EF77C528EB0B0F00117B8C /* Frameworks */,
				04EF77C628EB0B0F00117B8C /* Resources */,
			);
			buildRules = (
			);
			dependencies = (
			);
			name = MantasTest;
			productName = MantasTest;
			productReference = 04EF77C828EB0B1000117B8C /* MantasTest.app */;
			productType = "com.apple.product-type.application";
		};
/* End PBXNativeTarget section */

/* Begin PBXProject section */
		04EF77C028EB0B0F00117B8C /* Project object */ = {
			isa = PBXProject;
			attributes = {
				BuildIndependentTargetsInParallel = 1;
				LastSwiftUpdateCheck = 1320;
				LastUpgradeCheck = 1320;
				TargetAttributes = {
					04EF77C728EB0B0F00117B8C = {
						CreatedOnToolsVersion = 13.2.1;
					};
				};
			};
			buildConfigurationList = 04EF77C328EB0B0F00117B8C /* Build configuration list for PBXProject "MantasTest" */;
			compatibilityVersion = "Xcode 13.0";
			developmentRegion = en;
			hasScannedForEncodings = 0;
			knownRegions = (
				en,
				Base,
			);
			mainGroup = 04EF77BF28EB0B0F00117B8C;
			productRefGroup = 04EF77C928EB0B1000117B8C /* Products */;
			projectDirPath = "";
			projectRoot = "";
			targets = (
				04EF77C728EB0B0F00117B8C /* MantasTest */,
			);
		};
/* End PBXProject section */

/* Begin PBXResourcesBuildPhase section */
		04EF77C628EB0B0F00117B8C /* Resources */ = {
			isa = PBXResourcesBuildPhase;
			buildActionMask = 2147483647;
			files = (
				04EF77F828EB483F00117B8C /* Poppins-SemiBold.ttf in Resources */,
				04EF77DC28EB1A3700117B8C /* Poppins.ttf in Resources */,
				04EF77D328EB0B1600117B8C /* Preview Assets.xcassets in Resources */,
				04EF77D028EB0B1600117B8C /* Assets.xcassets in Resources */,
				04EF77F628EB470A00117B8C /* Poppins-Bold.ttf in Resources */,
			);
			runOnlyForDeploymentPostprocessing = 0;
		};
/* End PBXResourcesBuildPhase section */

/* Begin PBXSourcesBuildPhase section */
		04EF77C428EB0B0F00117B8C /* Sources */ = {
			isa = PBXSourcesBuildPhase;
			buildActionMask = 2147483647;
			files = (
				0405820528EC84EF001BAC8C /* Result.swift in Sources */,
				0405821228EC8A48001BAC8C /* UserViewModel.swift in Sources */,
				04EF77E028EB1BFD00117B8C /* GeneralTextField.swift in Sources */,
				04EF77EC28EB3ED200117B8C /* TextFeildErrorText.swift in Sources */,
				040581FB28EC517D001BAC8C /* UserInfoCard.swift in Sources */,
				04EF77F228EB3F9200117B8C /* TextFieldBG.swift in Sources */,
				04EF77E928EB2A5800117B8C /* Login.swift in Sources */,
				0405820328EC82AE001BAC8C /* UserInfo.swift in Sources */,
				040581F528EC4093001BAC8C /* Users.swift in Sources */,
				0405821428EC8C04001BAC8C /* Endpoints.swift in Sources */,
				04EF77E428EB22ED00117B8C /* MainView.swift in Sources */,
				040581FD28EC61CB001BAC8C /* Validator.swift in Sources */,
				04EF77CC28EB0B1000117B8C /* MantasTestApp.swift in Sources */,
				04EF77E728EB23AD00117B8C /* FocusedField.swift in Sources */,
				0405820B28EC8631001BAC8C /* Name.swift in Sources */,
				04EF77EE28EB3F2100117B8C /* ClearButton.swift in Sources */,
				0405820D28EC8659001BAC8C /* Picture.swift in Sources */,
				04EF77F028EB3F5100117B8C /* HideShowPassword.swift in Sources */,
				0405820728EC854B001BAC8C /* Location.swift in Sources */,
				0405820028EC63D7001BAC8C /* AuthViewModel.swift in Sources */,
				04EF77FA28EB4A4600117B8C /* VSpacer.swift in Sources */,
				04EF77F428EB427D00117B8C /* GeneralButtonBG.swift in Sources */,
				0405820928EC85B6001BAC8C /* Street.swift in Sources */,
				040581F728EC41A2001BAC8C /* TitleText.swift in Sources */,
				0405821028EC88AC001BAC8C /* RequestManager.swift in Sources */,
			);
			runOnlyForDeploymentPostprocessing = 0;
		};
/* End PBXSourcesBuildPhase section */

/* Begin XCBuildConfiguration section */
		04EF77D428EB0B1600117B8C /* Debug */ = {
			isa = XCBuildConfiguration;
			buildSettings = {
				ALWAYS_SEARCH_USER_PATHS = NO;
				CLANG_ANALYZER_NONNULL = YES;
				CLANG_ANALYZER_NUMBER_OBJECT_CONVERSION = YES_AGGRESSIVE;
				CLANG_CXX_LANGUAGE_STANDARD = "gnu++17";
				CLANG_CXX_LIBRARY = "libc++";
				CLANG_ENABLE_MODULES = YES;
				CLANG_ENABLE_OBJC_ARC = YES;
				CLANG_ENABLE_OBJC_WEAK = YES;
				CLANG_WARN_BLOCK_CAPTURE_AUTORELEASING = YES;
				CLANG_WARN_BOOL_CONVERSION = YES;
				CLANG_WARN_COMMA = YES;
				CLANG_WARN_CONSTANT_CONVERSION = YES;
				CLANG_WARN_DEPRECATED_OBJC_IMPLEMENTATIONS = YES;
				CLANG_WARN_DIRECT_OBJC_ISA_USAGE = YES_ERROR;
				CLANG_WARN_DOCUMENTATION_COMMENTS = YES;
				CLANG_WARN_EMPTY_BODY = YES;
				CLANG_WARN_ENUM_CONVERSION = YES;
				CLANG_WARN_INFINITE_RECURSION = YES;
				CLANG_WARN_INT_CONVERSION = YES;
				CLANG_WARN_NON_LITERAL_NULL_CONVERSION = YES;
				CLANG_WARN_OBJC_IMPLICIT_RETAIN_SELF = YES;
				CLANG_WARN_OBJC_LITERAL_CONVERSION = YES;
				CLANG_WARN_OBJC_ROOT_CLASS = YES_ERROR;
				CLANG_WARN_QUOTED_INCLUDE_IN_FRAMEWORK_HEADER = YES;
				CLANG_WARN_RANGE_LOOP_ANALYSIS = YES;
				CLANG_WARN_STRICT_PROTOTYPES = YES;
				CLANG_WARN_SUSPICIOUS_MOVE = YES;
				CLANG_WARN_UNGUARDED_AVAILABILITY = YES_AGGRESSIVE;
				CLANG_WARN_UNREACHABLE_CODE = YES;
				CLANG_WARN__DUPLICATE_METHOD_MATCH = YES;
				COPY_PHASE_STRIP = NO;
				DEBUG_INFORMATION_FORMAT = dwarf;
				ENABLE_STRICT_OBJC_MSGSEND = YES;
				ENABLE_TESTABILITY = YES;
				GCC_C_LANGUAGE_STANDARD = gnu11;
				GCC_DYNAMIC_NO_PIC = NO;
				GCC_NO_COMMON_BLOCKS = YES;
				GCC_OPTIMIZATION_LEVEL = 0;
				GCC_PREPROCESSOR_DEFINITIONS = (
					"DEBUG=1",
					"$(inherited)",
				);
				GCC_WARN_64_TO_32_BIT_CONVERSION = YES;
				GCC_WARN_ABOUT_RETURN_TYPE = YES_ERROR;
				GCC_WARN_UNDECLARED_SELECTOR = YES;
				GCC_WARN_UNINITIALIZED_AUTOS = YES_AGGRESSIVE;
				GCC_WARN_UNUSED_FUNCTION = YES;
				GCC_WARN_UNUSED_VARIABLE = YES;
				IPHONEOS_DEPLOYMENT_TARGET = 15.2;
				MTL_ENABLE_DEBUG_INFO = INCLUDE_SOURCE;
				MTL_FAST_MATH = YES;
				ONLY_ACTIVE_ARCH = YES;
				SDKROOT = iphoneos;
				SWIFT_ACTIVE_COMPILATION_CONDITIONS = DEBUG;
				SWIFT_OPTIMIZATION_LEVEL = "-Onone";
			};
			name = Debug;
		};
		04EF77D528EB0B1600117B8C /* Release */ = {
			isa = XCBuildConfiguration;
			buildSettings = {
				ALWAYS_SEARCH_USER_PATHS = NO;
				CLANG_ANALYZER_NONNULL = YES;
				CLANG_ANALYZER_NUMBER_OBJECT_CONVERSION = YES_AGGRESSIVE;
				CLANG_CXX_LANGUAGE_STANDARD = "gnu++17";
				CLANG_CXX_LIBRARY = "libc++";
				CLANG_ENABLE_MODULES = YES;
				CLANG_ENABLE_OBJC_ARC = YES;
				CLANG_ENABLE_OBJC_WEAK = YES;
				CLANG_WARN_BLOCK_CAPTURE_AUTORELEASING = YES;
				CLANG_WARN_BOOL_CONVERSION = YES;
				CLANG_WARN_COMMA = YES;
				CLANG_WARN_CONSTANT_CONVERSION = YES;
				CLANG_WARN_DEPRECATED_OBJC_IMPLEMENTATIONS = YES;
				CLANG_WARN_DIRECT_OBJC_ISA_USAGE = YES_ERROR;
				CLANG_WARN_DOCUMENTATION_COMMENTS = YES;
				CLANG_WARN_EMPTY_BODY = YES;
				CLANG_WARN_ENUM_CONVERSION = YES;
				CLANG_WARN_INFINITE_RECURSION = YES;
				CLANG_WARN_INT_CONVERSION = YES;
				CLANG_WARN_NON_LITERAL_NULL_CONVERSION = YES;
				CLANG_WARN_OBJC_IMPLICIT_RETAIN_SELF = YES;
				CLANG_WARN_OBJC_LITERAL_CONVERSION = YES;
				CLANG_WARN_OBJC_ROOT_CLASS = YES_ERROR;
				CLANG_WARN_QUOTED_INCLUDE_IN_FRAMEWORK_HEADER = YES;
				CLANG_WARN_RANGE_LOOP_ANALYSIS = YES;
				CLANG_WARN_STRICT_PROTOTYPES = YES;
				CLANG_WARN_SUSPICIOUS_MOVE = YES;
				CLANG_WARN_UNGUARDED_AVAILABILITY = YES_AGGRESSIVE;
				CLANG_WARN_UNREACHABLE_CODE = YES;
				CLANG_WARN__DUPLICATE_METHOD_MATCH = YES;
				COPY_PHASE_STRIP = NO;
				DEBUG_INFORMATION_FORMAT = "dwarf-with-dsym";
				ENABLE_NS_ASSERTIONS = NO;
				ENABLE_STRICT_OBJC_MSGSEND = YES;
				GCC_C_LANGUAGE_STANDARD = gnu11;
				GCC_NO_COMMON_BLOCKS = YES;
				GCC_WARN_64_TO_32_BIT_CONVERSION = YES;
				GCC_WARN_ABOUT_RETURN_TYPE = YES_ERROR;
				GCC_WARN_UNDECLARED_SELECTOR = YES;
				GCC_WARN_UNINITIALIZED_AUTOS = YES_AGGRESSIVE;
				GCC_WARN_UNUSED_FUNCTION = YES;
				GCC_WARN_UNUSED_VARIABLE = YES;
				IPHONEOS_DEPLOYMENT_TARGET = 15.2;
				MTL_ENABLE_DEBUG_INFO = NO;
				MTL_FAST_MATH = YES;
				SDKROOT = iphoneos;
				SWIFT_COMPILATION_MODE = wholemodule;
				SWIFT_OPTIMIZATION_LEVEL = "-O";
				VALIDATE_PRODUCT = YES;
			};
			name = Release;
		};
		04EF77D728EB0B1600117B8C /* Debug */ = {
			isa = XCBuildConfiguration;
			buildSettings = {
				ASSETCATALOG_COMPILER_APPICON_NAME = AppIcon;
				ASSETCATALOG_COMPILER_GLOBAL_ACCENT_COLOR_NAME = AccentColor;
				CODE_SIGN_STYLE = Automatic;
				CURRENT_PROJECT_VERSION = 1;
				DEVELOPMENT_ASSET_PATHS = "\"MantasTest/Preview Content\"";
				DEVELOPMENT_TEAM = MSWL3986AN;
				ENABLE_PREVIEWS = YES;
				GENERATE_INFOPLIST_FILE = YES;
				INFOPLIST_FILE = MantasTest/Info.plist;
				INFOPLIST_KEY_UIApplicationSceneManifest_Generation = YES;
				INFOPLIST_KEY_UIApplicationSupportsIndirectInputEvents = YES;
				INFOPLIST_KEY_UISupportedInterfaceOrientations_iPad = "UIInterfaceOrientationPortrait UIInterfaceOrientationPortraitUpsideDown UIInterfaceOrientationLandscapeLeft UIInterfaceOrientationLandscapeRight";
				INFOPLIST_KEY_UISupportedInterfaceOrientations_iPhone = "UIInterfaceOrientationPortrait UIInterfaceOrientationLandscapeLeft UIInterfaceOrientationLandscapeRight";
				LD_RUNPATH_SEARCH_PATHS = (
					"$(inherited)",
					"@executable_path/Frameworks",
				);
				MARKETING_VERSION = 1.0;
				PRODUCT_BUNDLE_IDENTIFIER = bornstunner.org.MantasTest;
				PRODUCT_NAME = "$(TARGET_NAME)";
				SWIFT_EMIT_LOC_STRINGS = YES;
				SWIFT_VERSION = 5.0;
				TARGETED_DEVICE_FAMILY = "1,2";
			};
			name = Debug;
		};
		04EF77D828EB0B1600117B8C /* Release */ = {
			isa = XCBuildConfiguration;
			buildSettings = {
				ASSETCATALOG_COMPILER_APPICON_NAME = AppIcon;
				ASSETCATALOG_COMPILER_GLOBAL_ACCENT_COLOR_NAME = AccentColor;
				CODE_SIGN_STYLE = Automatic;
				CURRENT_PROJECT_VERSION = 1;
				DEVELOPMENT_ASSET_PATHS = "\"MantasTest/Preview Content\"";
				DEVELOPMENT_TEAM = MSWL3986AN;
				ENABLE_PREVIEWS = YES;
				GENERATE_INFOPLIST_FILE = YES;
				INFOPLIST_FILE = MantasTest/Info.plist;
				INFOPLIST_KEY_UIApplicationSceneManifest_Generation = YES;
				INFOPLIST_KEY_UIApplicationSupportsIndirectInputEvents = YES;
				INFOPLIST_KEY_UISupportedInterfaceOrientations_iPad = "UIInterfaceOrientationPortrait UIInterfaceOrientationPortraitUpsideDown UIInterfaceOrientationLandscapeLeft UIInterfaceOrientationLandscapeRight";
				INFOPLIST_KEY_UISupportedInterfaceOrientations_iPhone = "UIInterfaceOrientationPortrait UIInterfaceOrientationLandscapeLeft UIInterfaceOrientationLandscapeRight";
				LD_RUNPATH_SEARCH_PATHS = (
					"$(inherited)",
					"@executable_path/Frameworks",
				);
				MARKETING_VERSION = 1.0;
				PRODUCT_BUNDLE_IDENTIFIER = bornstunner.org.MantasTest;
				PRODUCT_NAME = "$(TARGET_NAME)";
				SWIFT_EMIT_LOC_STRINGS = YES;
				SWIFT_VERSION = 5.0;
				TARGETED_DEVICE_FAMILY = "1,2";
			};
			name = Release;
		};
/* End XCBuildConfiguration section */

/* Begin XCConfigurationList section */
		04EF77C328EB0B0F00117B8C /* Build configuration list for PBXProject "MantasTest" */ = {
			isa = XCConfigurationList;
			buildConfigurations = (
				04EF77D428EB0B1600117B8C /* Debug */,
				04EF77D528EB0B1600117B8C /* Release */,
			);
			defaultConfigurationIsVisible = 0;
			defaultConfigurationName = Release;
		};
		04EF77D628EB0B1600117B8C /* Build configuration list for PBXNativeTarget "MantasTest" */ = {
			isa = XCConfigurationList;
			buildConfigurations = (
				04EF77D728EB0B1600117B8C /* Debug */,
				04EF77D828EB0B1600117B8C /* Release */,
			);
			defaultConfigurationIsVisible = 0;
			defaultConfigurationName = Release;
		};
/* End XCConfigurationList section */
	};
	rootObject = 04EF77C028EB0B0F00117B8C /* Project object */;
}
